
Microsoft Visual Studio Solution File, Format Version 12.00
# Visual Studio 15
VisualStudioVersion = 15.0.27004.2010
MinimumVisualStudioVersion = 10.0.40219.1
Project("{FAE04EC0-301F-11D3-BF4B-00C04F79EFBC}") = "NLTD.EmployeePortal.SalarySlip.Common", "NLTD.EmployeePortal.SalarySlip.Common\NLTD.EmployeePortal.SalarySlip.Common.csproj", "{62668ACE-A9BD-4DAE-A59B-2CD560DB4ACF}"
EndProject
Project("{FAE04EC0-301F-11D3-BF4B-00C04F79EFBC}") = "NLTD.EmployeePortal.SalarySlip.Repository", "NLTD.EmployeePortal.SalarySlip.Repository\NLTD.EmployeePortal.SalarySlip.Repository.csproj", "{77D27C9B-1EA3-4A01-91AA-BDC3B1757D10}"
EndProject
Project("{FAE04EC0-301F-11D3-BF4B-00C04F79EFBC}") = "NLTD.EmployeePortal.SalarySlip.Client", "NLTD.EmployeePortal.SalarySlip.Client\NLTD.EmployeePortal.SalarySlip.Client.csproj", "{80D51968-14E9-4545-93C7-775CC5BEC3F7}"
EndProject
Project("{FAE04EC0-301F-11D3-BF4B-00C04F79EFBC}") = "NLTD.EmployeePortal.SalarySlip.Ux", "NLTD.EmployeePortal.SalarySlip.Ux\NLTD.EmployeePortal.SalarySlip.Ux.csproj", "{8DCF2AFE-DB67-4604-A835-5B0F5D765D7E}"
EndProject
Project("{FAE04EC0-301F-11D3-BF4B-00C04F79EFBC}") = "NLTD.EmployeePortal.SalarySlip.Dac", "NLTD.EmployeePortal.SalarySlip.Dac\NLTD.EmployeePortal.SalarySlip.Dac.csproj", "{779A6702-63A3-46D2-A529-E155D1C93974}"
EndProject
Project("{FAE04EC0-301F-11D3-BF4B-00C04F79EFBC}") = "NLTD.EmployeePortal.SalarySlip.Utilities", "NLTD.EmployeePortal.SalarySlip.Utilities\NLTD.EmployeePortal.SalarySlip.Utilities.csproj", "{D7D60CF0-E1BF-4F42-83D6-64BD442F79DD}"
EndProject
Global
	GlobalSection(SolutionConfigurationPlatforms) = preSolution
		Debug|Any CPU = Debug|Any CPU
		Release|Any CPU = Release|Any CPU
	EndGlobalSection
	GlobalSection(ProjectConfigurationPlatforms) = postSolution
		{62668ACE-A9BD-4DAE-A59B-2CD560DB4ACF}.Debug|Any CPU.ActiveCfg = Debug|Any CPU
		{62668ACE-A9BD-4DAE-A59B-2CD560DB4ACF}.Debug|Any CPU.Build.0 = Debug|Any CPU
		{62668ACE-A9BD-4DAE-A59B-2CD560DB4ACF}.Release|Any CPU.ActiveCfg = Release|Any CPU
		{62668ACE-A9BD-4DAE-A59B-2CD560DB4ACF}.Release|Any CPU.Build.0 = Release|Any CPU
		{77D27C9B-1EA3-4A01-91AA-BDC3B1757D10}.Debug|Any CPU.ActiveCfg = Debug|Any CPU
		{77D27C9B-1EA3-4A01-91AA-BDC3B1757D10}.Debug|Any CPU.Build.0 = Debug|Any CPU
		{77D27C9B-1EA3-4A01-91AA-BDC3B1757D10}.Release|Any CPU.ActiveCfg = Release|Any CPU
		{77D27C9B-1EA3-4A01-91AA-BDC3B1757D10}.Release|Any CPU.Build.0 = Release|Any CPU
		{80D51968-14E9-4545-93C7-775CC5BEC3F7}.Debug|Any CPU.ActiveCfg = Debug|Any CPU
		{80D51968-14E9-4545-93C7-775CC5BEC3F7}.Debug|Any CPU.Build.0 = Debug|Any CPU
		{80D51968-14E9-4545-93C7-775CC5BEC3F7}.Release|Any CPU.ActiveCfg = Release|Any CPU
		{80D51968-14E9-4545-93C7-775CC5BEC3F7}.Release|Any CPU.Build.0 = Release|Any CPU
		{8DCF2AFE-DB67-4604-A835-5B0F5D765D7E}.Debug|Any CPU.ActiveCfg = Debug|Any CPU
		{8DCF2AFE-DB67-4604-A835-5B0F5D765D7E}.Debug|Any CPU.Build.0 = Debug|Any CPU
		{8DCF2AFE-DB67-4604-A835-5B0F5D765D7E}.Release|Any CPU.ActiveCfg = Release|Any CPU
		{8DCF2AFE-DB67-4604-A835-5B0F5D765D7E}.Release|Any CPU.Build.0 = Release|Any CPU
		{779A6702-63A3-46D2-A529-E155D1C93974}.Debug|Any CPU.ActiveCfg = Debug|Any CPU
		{779A6702-63A3-46D2-A529-E155D1C93974}.Debug|Any CPU.Build.0 = Debug|Any CPU
		{779A6702-63A3-46D2-A529-E155D1C93974}.Release|Any CPU.ActiveCfg = Release|Any CPU
		{779A6702-63A3-46D2-A529-E155D1C93974}.Release|Any CPU.Build.0 = Release|Any CPU
		{D7D60CF0-E1BF-4F42-83D6-64BD442F79DD}.Debug|Any CPU.ActiveCfg = Debug|Any CPU
		{D7D60CF0-E1BF-4F42-83D6-64BD442F79DD}.Debug|Any CPU.Build.0 = Debug|Any CPU
		{D7D60CF0-E1BF-4F42-83D6-64BD442F79DD}.Release|Any CPU.ActiveCfg = Release|Any CPU
		{D7D60CF0-E1BF-4F42-83D6-64BD442F79DD}.Release|Any CPU.Build.0 = Release|Any CPU
	EndGlobalSection
	GlobalSection(SolutionProperties) = preSolution
		HideSolutionNode = FALSE
	EndGlobalSection
	GlobalSection(ExtensibilityGlobals) = postSolution
		SolutionGuid = {C2557E52-D03F-4C6B-9E9F-38F60A297E8F}
	EndGlobalSection
EndGlobal
